
Microsoft Visual Studio Solution File, Format Version 12.00
# Visual Studio Version 16
VisualStudioVersion = 16.0.29613.14
MinimumVisualStudioVersion = 10.0.40219.1
Project("{FAE04EC0-301F-11D3-BF4B-00C04F79EFBC}") = "SimpleCalculator", "SimpleCalculator\SimpleCalculator.csproj", "{B038357F-4D82-47C1-A6F3-8CBA23A98DAD}"
EndProject
Project("{FAE04EC0-301F-11D3-BF4B-00C04F79EFBC}") = "ModelDesignFirst_L1", "ModelDesignFirst_L1\ModelDesignFirst_L1.csproj", "{9A28DD9F-CA99-495A-ABB4-88DD1A97972D}"
EndProject
Project("{9A19103F-16F7-4668-BE54-9A1E7A4F7556}") = "ModelCodeFirst", "ModelCodeFirst\ModelCodeFirst.csproj", "{EF2478A2-340C-40B4-811E-2AD5E1D5E5E2}"
EndProject
Project("{9A19103F-16F7-4668-BE54-9A1E7A4F7556}") = "TestClassLibrary", "TestClassLibrary\TestClassLibrary.csproj", "{09C8D840-11F7-49CE-9661-3F8778C82094}"
EndProject
Project("{FAE04EC0-301F-11D3-BF4B-00C04F79EFBC}") = "EFStudiiCaz", "EFStudiiCaz\EFStudiiCaz.csproj", "{63961218-3C28-4CFD-BF1C-BF3992C0A8BB}"
EndProject
Global
	GlobalSection(SolutionConfigurationPlatforms) = preSolution
		Debug|Any CPU = Debug|Any CPU
		Release|Any CPU = Release|Any CPU
	EndGlobalSection
	GlobalSection(ProjectConfigurationPlatforms) = postSolution
		{B038357F-4D82-47C1-A6F3-8CBA23A98DAD}.Debug|Any CPU.ActiveCfg = Debug|Any CPU
		{B038357F-4D82-47C1-A6F3-8CBA23A98DAD}.Debug|Any CPU.Build.0 = Debug|Any CPU
		{B038357F-4D82-47C1-A6F3-8CBA23A98DAD}.Release|Any CPU.ActiveCfg = Release|Any CPU
		{B038357F-4D82-47C1-A6F3-8CBA23A98DAD}.Release|Any CPU.Build.0 = Release|Any CPU
		{9A28DD9F-CA99-495A-ABB4-88DD1A97972D}.Debug|Any CPU.ActiveCfg = Debug|Any CPU
		{9A28DD9F-CA99-495A-ABB4-88DD1A97972D}.Debug|Any CPU.Build.0 = Debug|Any CPU
		{9A28DD9F-CA99-495A-ABB4-88DD1A97972D}.Release|Any CPU.ActiveCfg = Release|Any CPU
		{9A28DD9F-CA99-495A-ABB4-88DD1A97972D}.Release|Any CPU.Build.0 = Release|Any CPU
		{EF2478A2-340C-40B4-811E-2AD5E1D5E5E2}.Debug|Any CPU.ActiveCfg = Debug|Any CPU
		{EF2478A2-340C-40B4-811E-2AD5E1D5E5E2}.Debug|Any CPU.Build.0 = Debug|Any CPU
		{EF2478A2-340C-40B4-811E-2AD5E1D5E5E2}.Release|Any CPU.ActiveCfg = Release|Any CPU
		{EF2478A2-340C-40B4-811E-2AD5E1D5E5E2}.Release|Any CPU.Build.0 = Release|Any CPU
		{09C8D840-11F7-49CE-9661-3F8778C82094}.Debug|Any CPU.ActiveCfg = Debug|Any CPU
		{09C8D840-11F7-49CE-9661-3F8778C82094}.Debug|Any CPU.Build.0 = Debug|Any CPU
		{09C8D840-11F7-49CE-9661-3F8778C82094}.Release|Any CPU.ActiveCfg = Release|Any CPU
		{09C8D840-11F7-49CE-9661-3F8778C82094}.Release|Any CPU.Build.0 = Release|Any CPU
		{63961218-3C28-4CFD-BF1C-BF3992C0A8BB}.Debug|Any CPU.ActiveCfg = Debug|Any CPU
		{63961218-3C28-4CFD-BF1C-BF3992C0A8BB}.Debug|Any CPU.Build.0 = Debug|Any CPU
		{63961218-3C28-4CFD-BF1C-BF3992C0A8BB}.Release|Any CPU.ActiveCfg = Release|Any CPU
		{63961218-3C28-4CFD-BF1C-BF3992C0A8BB}.Release|Any CPU.Build.0 = Release|Any CPU
	EndGlobalSection
	GlobalSection(SolutionProperties) = preSolution
		HideSolutionNode = FALSE
	EndGlobalSection
	GlobalSection(ExtensibilityGlobals) = postSolution
		SolutionGuid = {F7DFFF96-19CD-4D36-962A-DCEDC684411E}
	EndGlobalSection
EndGlobal
